
Microsoft Visual Studio Solution File, Format Version 12.00
# Visual Studio 14
VisualStudioVersion = 14.0.22605.0
MinimumVisualStudioVersion = 10.0.40219.1
Project("{2150E333-8FDC-42A3-9474-1A3956D46DE8}") = "src", "src", "{0F647068-6602-4E24-B1DC-8ED91481A50A}"
EndProject
Project("{2150E333-8FDC-42A3-9474-1A3956D46DE8}") = "test", "test", "{52D59F18-62D2-4D17-8CF2-BE192445AF8E}"
EndProject
Project("{8BB2217D-0F2D-49D1-97BC-3654ED321F3B}") = "Microsoft.AspNet.Identity", "src\Microsoft.AspNet.Identity\Microsoft.AspNet.Identity.kproj", "{1729302E-A58E-4652-B639-5B6B68DA2748}"
EndProject
Project("{8BB2217D-0F2D-49D1-97BC-3654ED321F3B}") = "Microsoft.AspNet.Identity.Test", "test\Microsoft.AspNet.Identity.Test\Microsoft.AspNet.Identity.Test.kproj", "{2CF3927B-19E4-4866-9BAA-2C131580E7C3}"
EndProject
Project("{8BB2217D-0F2D-49D1-97BC-3654ED321F3B}") = "Microsoft.AspNet.Identity.InMemory.Test", "test\Microsoft.AspNet.Identity.InMemory.Test\Microsoft.AspNet.Identity.InMemory.Test.kproj", "{65161409-C4C4-4D63-A73B-231FCFF4D503}"
EndProject
Project("{2150E333-8FDC-42A3-9474-1A3956D46DE8}") = "samples", "samples", "{58D94A0E-C2B7-43A7-8826-99ECBB1E0A50}"
EndProject
Project("{8BB2217D-0F2D-49D1-97BC-3654ED321F3B}") = "IdentitySample.Mvc", "samples\IdentitySample.Mvc\IdentitySample.Mvc.kproj", "{E1BFA023-CFFD-49CE-8466-1C28DD2EC1F6}"
EndProject
Project("{2150E333-8FDC-42A3-9474-1A3956D46DE8}") = "Solution Items", "Solution Items", "{970CAB07-F853-4712-AA12-BD8961C8E430}"
	ProjectSection(SolutionItems) = preProject
		global.json = global.json
	EndProjectSection
EndProject
Project("{8BB2217D-0F2D-49D1-97BC-3654ED321F3B}") = "Microsoft.AspNet.Identity.EntityFramework.Test", "test\Microsoft.AspNet.Identity.EntityFramework.Test\Microsoft.AspNet.Identity.EntityFramework.Test.kproj", "{37236EA3-915D-46D5-997C-DF513C500E4B}"
EndProject
Project("{8BB2217D-0F2D-49D1-97BC-3654ED321F3B}") = "Microsoft.AspNet.Identity.EntityFramework.InMemory.Test", "test\Microsoft.AspNet.Identity.EntityFramework.InMemory.Test\Microsoft.AspNet.Identity.EntityFramework.InMemory.Test.kproj", "{EA7EB28F-53B8-4009-9C6B-74DB090CA8DD}"
EndProject
Project("{8BB2217D-0F2D-49D1-97BC-3654ED321F3B}") = "Microsoft.AspNet.Identity.EntityFramework", "src\Microsoft.AspNet.Identity.EntityFramework\Microsoft.AspNet.Identity.EntityFramework.kproj", "{4490894C-3572-4E63-86F1-EE5105CE8A06}"
EndProject
Project("{8BB2217D-0F2D-49D1-97BC-3654ED321F3B}") = "Microsoft.AspNet.Http", "..\HttpAbstractions\src\Microsoft.AspNet.Http\Microsoft.AspNet.Http.kproj", "{22071333-15BA-4D16-A1D5-4D5B1A83FBDD}"
EndProject
Project("{8BB2217D-0F2D-49D1-97BC-3654ED321F3B}") = "Microsoft.AspNet.Security", "..\Security\src\Microsoft.AspNet.Security\Microsoft.AspNet.Security.kproj", "{0F174C63-1898-4024-9A3C-3FDF5CAE5C68}"
EndProject
Project("{8BB2217D-0F2D-49D1-97BC-3654ED321F3B}") = "Microsoft.AspNet.Security.Cookies", "..\Security\src\Microsoft.AspNet.Security.Cookies\Microsoft.AspNet.Security.Cookies.kproj", "{15F1211B-B695-4A1C-B730-1AC58FC91090}"
EndProject
Project("{8BB2217D-0F2D-49D1-97BC-3654ED321F3B}") = "Microsoft.AspNet.Http.Interfaces", "..\HttpAbstractions\src\Microsoft.AspNet.Http.Interfaces\Microsoft.AspNet.Http.Interfaces.kproj", "{D9128247-8F97-48B8-A863-F1F21A029FCE}"
EndProject
Project("{8BB2217D-0F2D-49D1-97BC-3654ED321F3B}") = "Microsoft.AspNet.Http.Core", "..\HttpAbstractions\src\Microsoft.AspNet.Http.Core\Microsoft.AspNet.Http.Core.kproj", "{BCF0F967-8753-4438-BD07-AADCA9CE509A}"
EndProject
Project("{8BB2217D-0F2D-49D1-97BC-3654ED321F3B}") = "Microsoft.AspNet.Http.Extensions", "..\HttpAbstractions\src\Microsoft.AspNet.Http.Extensions\Microsoft.AspNet.Http.Extensions.kproj", "{CCC4363E-81E2-4058-94DD-00494E9E992A}"
EndProject
Project("{8BB2217D-0F2D-49D1-97BC-3654ED321F3B}") = "Microsoft.AspNet.FeatureModel", "..\HttpAbstractions\src\Microsoft.AspNet.FeatureModel\Microsoft.AspNet.FeatureModel.kproj", "{32A4C918-30EE-41DB-8E26-8A3BB88ED231}"
EndProject
Project("{8BB2217D-0F2D-49D1-97BC-3654ED321F3B}") = "Microsoft.AspNet.WebUtilities", "..\HttpAbstractions\src\Microsoft.AspNet.WebUtilities\Microsoft.AspNet.WebUtilities.kproj", "{A2FB7838-0031-4FAD-BA3E-83C30B3AF406}"
EndProject
Project("{8BB2217D-0F2D-49D1-97BC-3654ED321F3B}") = "Microsoft.Net.Http.Headers", "..\HttpAbstractions\src\Microsoft.Net.Http.Headers\Microsoft.Net.Http.Headers.kproj", "{60AA2FDB-8121-4826-8D00-9A143FEFAF66}"
EndProject
Project("{8BB2217D-0F2D-49D1-97BC-3654ED321F3B}") = "Microsoft.AspNet.Mvc", "..\Mvc\src\Microsoft.AspNet.Mvc\Microsoft.AspNet.Mvc.kproj", "{079EFA1F-0B0A-4853-B27B-5780D111CD85}"
EndProject
Project("{8BB2217D-0F2D-49D1-97BC-3654ED321F3B}") = "Microsoft.AspNet.Server.WebListener", "..\WebListener\src\Microsoft.AspNet.Server.WebListener\Microsoft.AspNet.Server.WebListener.kproj", "{B9F45F9D-D206-47F0-8E5F-54CE2F0BDF92}"
EndProject
Project("{8BB2217D-0F2D-49D1-97BC-3654ED321F3B}") = "Microsoft.AspNet.Security.Facebook", "..\Security\src\Microsoft.AspNet.Security.Facebook\Microsoft.AspNet.Security.Facebook.kproj", "{3984651C-FD44-4394-8793-3D14EE348C04}"
EndProject
Project("{8BB2217D-0F2D-49D1-97BC-3654ED321F3B}") = "Microsoft.AspNet.Security.Google", "..\Security\src\Microsoft.AspNet.Security.Google\Microsoft.AspNet.Security.Google.kproj", "{89BF8535-A849-458E-868A-A68FCF620486}"
EndProject
Project("{8BB2217D-0F2D-49D1-97BC-3654ED321F3B}") = "Microsoft.AspNet.Security.Twitter", "..\Security\src\Microsoft.AspNet.Security.Twitter\Microsoft.AspNet.Security.Twitter.kproj", "{C96B77EA-4078-4C31-BDB2-878F11C5E061}"
EndProject
Project("{8BB2217D-0F2D-49D1-97BC-3654ED321F3B}") = "Microsoft.AspNet.Mvc.Common", "..\Mvc\src\Microsoft.AspNet.Mvc.Common\Microsoft.AspNet.Mvc.Common.kproj", "{F3DF6D0B-16FE-4402-B92C-7243A75CF1FD}"
EndProject
Project("{8BB2217D-0F2D-49D1-97BC-3654ED321F3B}") = "Microsoft.AspNet.Mvc.Razor", "..\Mvc\src\Microsoft.AspNet.Mvc.Razor\Microsoft.AspNet.Mvc.Razor.kproj", "{314E9AD6-2FFC-4A92-A8AD-510658C64F1E}"
EndProject
Project("{8BB2217D-0F2D-49D1-97BC-3654ED321F3B}") = "Microsoft.Net.Http.Server", "..\WebListener\src\Microsoft.Net.Http.Server\Microsoft.Net.Http.Server.kproj", "{3F5212AA-E287-49DD-8CEC-44BF0A2AC9A1}"
EndProject
Project("{8BB2217D-0F2D-49D1-97BC-3654ED321F3B}") = "Microsoft.AspNet.Security.OAuth", "..\Security\src\Microsoft.AspNet.Security.OAuth\Microsoft.AspNet.Security.OAuth.kproj", "{4A636011-68EE-4CE5-836D-EA8E13CF71E4}"
EndProject
Project("{8BB2217D-0F2D-49D1-97BC-3654ED321F3B}") = "Microsoft.AspNet.Mvc.Core", "..\Mvc\src\Microsoft.AspNet.Mvc.Core\Microsoft.AspNet.Mvc.Core.kproj", "{C48DA9D7-ACB5-4408-AA79-27ECB60A67EF}"
EndProject
Project("{8BB2217D-0F2D-49D1-97BC-3654ED321F3B}") = "Microsoft.AspNet.Mvc.Razor.Host", "..\Mvc\src\Microsoft.AspNet.Mvc.Razor.Host\Microsoft.AspNet.Mvc.Razor.Host.kproj", "{520B3AA4-363A-497C-8C15-80423C5AFC85}"
EndProject
Project("{8BB2217D-0F2D-49D1-97BC-3654ED321F3B}") = "Microsoft.AspNet.PageExecutionInstrumentation.Interfaces", "..\Mvc\src\Microsoft.AspNet.PageExecutionInstrumentation.Interfaces\Microsoft.AspNet.PageExecutionInstrumentation.Interfaces.kproj", "{4DA2D7C1-A7B6-4C01-B57D-89E6EA4609DE}"
EndProject
Project("{8BB2217D-0F2D-49D1-97BC-3654ED321F3B}") = "Microsoft.Net.WebSockets", "..\WebListener\src\Microsoft.Net.WebSockets\Microsoft.Net.WebSockets.kproj", "{E788AEAE-2CB4-4BFA-8746-D0BB7E93A1BB}"
EndProject
Project("{8BB2217D-0F2D-49D1-97BC-3654ED321F3B}") = "Microsoft.AspNet.Mvc.ModelBinding", "..\Mvc\src\Microsoft.AspNet.Mvc.ModelBinding\Microsoft.AspNet.Mvc.ModelBinding.kproj", "{FA915D3D-22C3-4478-97F2-A81D28B6C503}"
EndProject
Global
	GlobalSection(SolutionConfigurationPlatforms) = preSolution
		Debug|Any CPU = Debug|Any CPU
		Debug|Mixed Platforms = Debug|Mixed Platforms
		Debug|x86 = Debug|x86
		Release|Any CPU = Release|Any CPU
		Release|Mixed Platforms = Release|Mixed Platforms
		Release|x86 = Release|x86
	EndGlobalSection
	GlobalSection(ProjectConfigurationPlatforms) = postSolution
		{1729302E-A58E-4652-B639-5B6B68DA2748}.Debug|Any CPU.ActiveCfg = Debug|Any CPU
		{1729302E-A58E-4652-B639-5B6B68DA2748}.Debug|Any CPU.Build.0 = Debug|Any CPU
		{1729302E-A58E-4652-B639-5B6B68DA2748}.Debug|Mixed Platforms.ActiveCfg = Debug|Any CPU
		{1729302E-A58E-4652-B639-5B6B68DA2748}.Debug|Mixed Platforms.Build.0 = Debug|Any CPU
		{1729302E-A58E-4652-B639-5B6B68DA2748}.Debug|x86.ActiveCfg = Debug|Any CPU
		{1729302E-A58E-4652-B639-5B6B68DA2748}.Release|Any CPU.ActiveCfg = Release|Any CPU
		{1729302E-A58E-4652-B639-5B6B68DA2748}.Release|Any CPU.Build.0 = Release|Any CPU
		{1729302E-A58E-4652-B639-5B6B68DA2748}.Release|Mixed Platforms.ActiveCfg = Release|Any CPU
		{1729302E-A58E-4652-B639-5B6B68DA2748}.Release|Mixed Platforms.Build.0 = Release|Any CPU
		{1729302E-A58E-4652-B639-5B6B68DA2748}.Release|x86.ActiveCfg = Release|Any CPU
		{2CF3927B-19E4-4866-9BAA-2C131580E7C3}.Debug|Any CPU.ActiveCfg = Debug|Any CPU
		{2CF3927B-19E4-4866-9BAA-2C131580E7C3}.Debug|Any CPU.Build.0 = Debug|Any CPU
		{2CF3927B-19E4-4866-9BAA-2C131580E7C3}.Debug|Mixed Platforms.ActiveCfg = Debug|Any CPU
		{2CF3927B-19E4-4866-9BAA-2C131580E7C3}.Debug|Mixed Platforms.Build.0 = Debug|Any CPU
		{2CF3927B-19E4-4866-9BAA-2C131580E7C3}.Debug|x86.ActiveCfg = Debug|Any CPU
		{2CF3927B-19E4-4866-9BAA-2C131580E7C3}.Release|Any CPU.ActiveCfg = Release|Any CPU
		{2CF3927B-19E4-4866-9BAA-2C131580E7C3}.Release|Any CPU.Build.0 = Release|Any CPU
		{2CF3927B-19E4-4866-9BAA-2C131580E7C3}.Release|Mixed Platforms.ActiveCfg = Release|Any CPU
		{2CF3927B-19E4-4866-9BAA-2C131580E7C3}.Release|Mixed Platforms.Build.0 = Release|Any CPU
		{2CF3927B-19E4-4866-9BAA-2C131580E7C3}.Release|x86.ActiveCfg = Release|Any CPU
		{65161409-C4C4-4D63-A73B-231FCFF4D503}.Debug|Any CPU.ActiveCfg = Debug|Any CPU
		{65161409-C4C4-4D63-A73B-231FCFF4D503}.Debug|Any CPU.Build.0 = Debug|Any CPU
		{65161409-C4C4-4D63-A73B-231FCFF4D503}.Debug|Mixed Platforms.ActiveCfg = Debug|Any CPU
		{65161409-C4C4-4D63-A73B-231FCFF4D503}.Debug|Mixed Platforms.Build.0 = Debug|Any CPU
		{65161409-C4C4-4D63-A73B-231FCFF4D503}.Debug|x86.ActiveCfg = Debug|Any CPU
		{65161409-C4C4-4D63-A73B-231FCFF4D503}.Release|Any CPU.ActiveCfg = Release|Any CPU
		{65161409-C4C4-4D63-A73B-231FCFF4D503}.Release|Any CPU.Build.0 = Release|Any CPU
		{65161409-C4C4-4D63-A73B-231FCFF4D503}.Release|Mixed Platforms.ActiveCfg = Release|Any CPU
		{65161409-C4C4-4D63-A73B-231FCFF4D503}.Release|Mixed Platforms.Build.0 = Release|Any CPU
		{65161409-C4C4-4D63-A73B-231FCFF4D503}.Release|x86.ActiveCfg = Release|Any CPU
		{E1BFA023-CFFD-49CE-8466-1C28DD2EC1F6}.Debug|Any CPU.ActiveCfg = Debug|Any CPU
		{E1BFA023-CFFD-49CE-8466-1C28DD2EC1F6}.Debug|Any CPU.Build.0 = Debug|Any CPU
		{E1BFA023-CFFD-49CE-8466-1C28DD2EC1F6}.Debug|Mixed Platforms.ActiveCfg = Debug|Any CPU
		{E1BFA023-CFFD-49CE-8466-1C28DD2EC1F6}.Debug|Mixed Platforms.Build.0 = Debug|Any CPU
		{E1BFA023-CFFD-49CE-8466-1C28DD2EC1F6}.Debug|x86.ActiveCfg = Debug|Any CPU
		{E1BFA023-CFFD-49CE-8466-1C28DD2EC1F6}.Release|Any CPU.ActiveCfg = Release|Any CPU
		{E1BFA023-CFFD-49CE-8466-1C28DD2EC1F6}.Release|Any CPU.Build.0 = Release|Any CPU
		{E1BFA023-CFFD-49CE-8466-1C28DD2EC1F6}.Release|Mixed Platforms.ActiveCfg = Release|Any CPU
		{E1BFA023-CFFD-49CE-8466-1C28DD2EC1F6}.Release|Mixed Platforms.Build.0 = Release|Any CPU
		{E1BFA023-CFFD-49CE-8466-1C28DD2EC1F6}.Release|x86.ActiveCfg = Release|Any CPU
		{37236EA3-915D-46D5-997C-DF513C500E4B}.Debug|Any CPU.ActiveCfg = Debug|Any CPU
		{37236EA3-915D-46D5-997C-DF513C500E4B}.Debug|Any CPU.Build.0 = Debug|Any CPU
		{37236EA3-915D-46D5-997C-DF513C500E4B}.Debug|Mixed Platforms.ActiveCfg = Debug|Any CPU
		{37236EA3-915D-46D5-997C-DF513C500E4B}.Debug|Mixed Platforms.Build.0 = Debug|Any CPU
		{37236EA3-915D-46D5-997C-DF513C500E4B}.Debug|x86.ActiveCfg = Debug|Any CPU
		{37236EA3-915D-46D5-997C-DF513C500E4B}.Release|Any CPU.ActiveCfg = Release|Any CPU
		{37236EA3-915D-46D5-997C-DF513C500E4B}.Release|Any CPU.Build.0 = Release|Any CPU
		{37236EA3-915D-46D5-997C-DF513C500E4B}.Release|Mixed Platforms.ActiveCfg = Release|Any CPU
		{37236EA3-915D-46D5-997C-DF513C500E4B}.Release|Mixed Platforms.Build.0 = Release|Any CPU
		{37236EA3-915D-46D5-997C-DF513C500E4B}.Release|x86.ActiveCfg = Release|Any CPU
		{EA7EB28F-53B8-4009-9C6B-74DB090CA8DD}.Debug|Any CPU.ActiveCfg = Debug|Any CPU
		{EA7EB28F-53B8-4009-9C6B-74DB090CA8DD}.Debug|Any CPU.Build.0 = Debug|Any CPU
		{EA7EB28F-53B8-4009-9C6B-74DB090CA8DD}.Debug|Mixed Platforms.ActiveCfg = Debug|Any CPU
		{EA7EB28F-53B8-4009-9C6B-74DB090CA8DD}.Debug|Mixed Platforms.Build.0 = Debug|Any CPU
		{EA7EB28F-53B8-4009-9C6B-74DB090CA8DD}.Debug|x86.ActiveCfg = Debug|Any CPU
		{EA7EB28F-53B8-4009-9C6B-74DB090CA8DD}.Release|Any CPU.ActiveCfg = Release|Any CPU
		{EA7EB28F-53B8-4009-9C6B-74DB090CA8DD}.Release|Any CPU.Build.0 = Release|Any CPU
		{EA7EB28F-53B8-4009-9C6B-74DB090CA8DD}.Release|Mixed Platforms.ActiveCfg = Release|Any CPU
		{EA7EB28F-53B8-4009-9C6B-74DB090CA8DD}.Release|Mixed Platforms.Build.0 = Release|Any CPU
		{EA7EB28F-53B8-4009-9C6B-74DB090CA8DD}.Release|x86.ActiveCfg = Release|Any CPU
		{4490894C-3572-4E63-86F1-EE5105CE8A06}.Debug|Any CPU.ActiveCfg = Debug|Any CPU
		{4490894C-3572-4E63-86F1-EE5105CE8A06}.Debug|Any CPU.Build.0 = Debug|Any CPU
		{4490894C-3572-4E63-86F1-EE5105CE8A06}.Debug|Mixed Platforms.ActiveCfg = Debug|Any CPU
		{4490894C-3572-4E63-86F1-EE5105CE8A06}.Debug|Mixed Platforms.Build.0 = Debug|Any CPU
		{4490894C-3572-4E63-86F1-EE5105CE8A06}.Debug|x86.ActiveCfg = Debug|Any CPU
		{4490894C-3572-4E63-86F1-EE5105CE8A06}.Release|Any CPU.ActiveCfg = Release|Any CPU
		{4490894C-3572-4E63-86F1-EE5105CE8A06}.Release|Any CPU.Build.0 = Release|Any CPU
		{4490894C-3572-4E63-86F1-EE5105CE8A06}.Release|Mixed Platforms.ActiveCfg = Release|Any CPU
		{4490894C-3572-4E63-86F1-EE5105CE8A06}.Release|Mixed Platforms.Build.0 = Release|Any CPU
		{4490894C-3572-4E63-86F1-EE5105CE8A06}.Release|x86.ActiveCfg = Release|Any CPU
		{22071333-15BA-4D16-A1D5-4D5B1A83FBDD}.Debug|Any CPU.ActiveCfg = Debug|Any CPU
		{22071333-15BA-4D16-A1D5-4D5B1A83FBDD}.Debug|Any CPU.Build.0 = Debug|Any CPU
		{22071333-15BA-4D16-A1D5-4D5B1A83FBDD}.Debug|Mixed Platforms.ActiveCfg = Debug|Any CPU
		{22071333-15BA-4D16-A1D5-4D5B1A83FBDD}.Debug|Mixed Platforms.Build.0 = Debug|Any CPU
		{22071333-15BA-4D16-A1D5-4D5B1A83FBDD}.Debug|x86.ActiveCfg = Debug|Any CPU
		{22071333-15BA-4D16-A1D5-4D5B1A83FBDD}.Debug|x86.Build.0 = Debug|Any CPU
		{22071333-15BA-4D16-A1D5-4D5B1A83FBDD}.Release|Any CPU.ActiveCfg = Release|Any CPU
		{22071333-15BA-4D16-A1D5-4D5B1A83FBDD}.Release|Any CPU.Build.0 = Release|Any CPU
		{22071333-15BA-4D16-A1D5-4D5B1A83FBDD}.Release|Mixed Platforms.ActiveCfg = Release|Any CPU
		{22071333-15BA-4D16-A1D5-4D5B1A83FBDD}.Release|Mixed Platforms.Build.0 = Release|Any CPU
		{22071333-15BA-4D16-A1D5-4D5B1A83FBDD}.Release|x86.ActiveCfg = Release|Any CPU
		{22071333-15BA-4D16-A1D5-4D5B1A83FBDD}.Release|x86.Build.0 = Release|Any CPU
		{0F174C63-1898-4024-9A3C-3FDF5CAE5C68}.Debug|Any CPU.ActiveCfg = Debug|Any CPU
		{0F174C63-1898-4024-9A3C-3FDF5CAE5C68}.Debug|Any CPU.Build.0 = Debug|Any CPU
		{0F174C63-1898-4024-9A3C-3FDF5CAE5C68}.Debug|Mixed Platforms.ActiveCfg = Debug|Any CPU
		{0F174C63-1898-4024-9A3C-3FDF5CAE5C68}.Debug|Mixed Platforms.Build.0 = Debug|Any CPU
		{0F174C63-1898-4024-9A3C-3FDF5CAE5C68}.Debug|x86.ActiveCfg = Debug|Any CPU
		{0F174C63-1898-4024-9A3C-3FDF5CAE5C68}.Debug|x86.Build.0 = Debug|Any CPU
		{0F174C63-1898-4024-9A3C-3FDF5CAE5C68}.Release|Any CPU.ActiveCfg = Release|Any CPU
		{0F174C63-1898-4024-9A3C-3FDF5CAE5C68}.Release|Any CPU.Build.0 = Release|Any CPU
		{0F174C63-1898-4024-9A3C-3FDF5CAE5C68}.Release|Mixed Platforms.ActiveCfg = Release|Any CPU
		{0F174C63-1898-4024-9A3C-3FDF5CAE5C68}.Release|Mixed Platforms.Build.0 = Release|Any CPU
		{0F174C63-1898-4024-9A3C-3FDF5CAE5C68}.Release|x86.ActiveCfg = Release|Any CPU
		{0F174C63-1898-4024-9A3C-3FDF5CAE5C68}.Release|x86.Build.0 = Release|Any CPU
		{15F1211B-B695-4A1C-B730-1AC58FC91090}.Debug|Any CPU.ActiveCfg = Debug|Any CPU
		{15F1211B-B695-4A1C-B730-1AC58FC91090}.Debug|Any CPU.Build.0 = Debug|Any CPU
		{15F1211B-B695-4A1C-B730-1AC58FC91090}.Debug|Mixed Platforms.ActiveCfg = Debug|Any CPU
		{15F1211B-B695-4A1C-B730-1AC58FC91090}.Debug|Mixed Platforms.Build.0 = Debug|Any CPU
		{15F1211B-B695-4A1C-B730-1AC58FC91090}.Debug|x86.ActiveCfg = Debug|Any CPU
		{15F1211B-B695-4A1C-B730-1AC58FC91090}.Debug|x86.Build.0 = Debug|Any CPU
		{15F1211B-B695-4A1C-B730-1AC58FC91090}.Release|Any CPU.ActiveCfg = Release|Any CPU
		{15F1211B-B695-4A1C-B730-1AC58FC91090}.Release|Any CPU.Build.0 = Release|Any CPU
		{15F1211B-B695-4A1C-B730-1AC58FC91090}.Release|Mixed Platforms.ActiveCfg = Release|Any CPU
		{15F1211B-B695-4A1C-B730-1AC58FC91090}.Release|Mixed Platforms.Build.0 = Release|Any CPU
		{15F1211B-B695-4A1C-B730-1AC58FC91090}.Release|x86.ActiveCfg = Release|Any CPU
		{15F1211B-B695-4A1C-B730-1AC58FC91090}.Release|x86.Build.0 = Release|Any CPU
		{D9128247-8F97-48B8-A863-F1F21A029FCE}.Debug|Any CPU.ActiveCfg = Debug|Any CPU
		{D9128247-8F97-48B8-A863-F1F21A029FCE}.Debug|Any CPU.Build.0 = Debug|Any CPU
		{D9128247-8F97-48B8-A863-F1F21A029FCE}.Debug|Mixed Platforms.ActiveCfg = Debug|Any CPU
		{D9128247-8F97-48B8-A863-F1F21A029FCE}.Debug|Mixed Platforms.Build.0 = Debug|Any CPU
		{D9128247-8F97-48B8-A863-F1F21A029FCE}.Debug|x86.ActiveCfg = Debug|Any CPU
		{D9128247-8F97-48B8-A863-F1F21A029FCE}.Debug|x86.Build.0 = Debug|Any CPU
		{D9128247-8F97-48B8-A863-F1F21A029FCE}.Release|Any CPU.ActiveCfg = Release|Any CPU
		{D9128247-8F97-48B8-A863-F1F21A029FCE}.Release|Any CPU.Build.0 = Release|Any CPU
		{D9128247-8F97-48B8-A863-F1F21A029FCE}.Release|Mixed Platforms.ActiveCfg = Release|Any CPU
		{D9128247-8F97-48B8-A863-F1F21A029FCE}.Release|Mixed Platforms.Build.0 = Release|Any CPU
		{D9128247-8F97-48B8-A863-F1F21A029FCE}.Release|x86.ActiveCfg = Release|Any CPU
		{D9128247-8F97-48B8-A863-F1F21A029FCE}.Release|x86.Build.0 = Release|Any CPU
		{BCF0F967-8753-4438-BD07-AADCA9CE509A}.Debug|Any CPU.ActiveCfg = Debug|Any CPU
		{BCF0F967-8753-4438-BD07-AADCA9CE509A}.Debug|Any CPU.Build.0 = Debug|Any CPU
		{BCF0F967-8753-4438-BD07-AADCA9CE509A}.Debug|Mixed Platforms.ActiveCfg = Debug|Any CPU
		{BCF0F967-8753-4438-BD07-AADCA9CE509A}.Debug|Mixed Platforms.Build.0 = Debug|Any CPU
		{BCF0F967-8753-4438-BD07-AADCA9CE509A}.Debug|x86.ActiveCfg = Debug|Any CPU
		{BCF0F967-8753-4438-BD07-AADCA9CE509A}.Debug|x86.Build.0 = Debug|Any CPU
		{BCF0F967-8753-4438-BD07-AADCA9CE509A}.Release|Any CPU.ActiveCfg = Release|Any CPU
		{BCF0F967-8753-4438-BD07-AADCA9CE509A}.Release|Any CPU.Build.0 = Release|Any CPU
		{BCF0F967-8753-4438-BD07-AADCA9CE509A}.Release|Mixed Platforms.ActiveCfg = Release|Any CPU
		{BCF0F967-8753-4438-BD07-AADCA9CE509A}.Release|Mixed Platforms.Build.0 = Release|Any CPU
		{BCF0F967-8753-4438-BD07-AADCA9CE509A}.Release|x86.ActiveCfg = Release|Any CPU
		{BCF0F967-8753-4438-BD07-AADCA9CE509A}.Release|x86.Build.0 = Release|Any CPU
		{CCC4363E-81E2-4058-94DD-00494E9E992A}.Debug|Any CPU.ActiveCfg = Debug|Any CPU
		{CCC4363E-81E2-4058-94DD-00494E9E992A}.Debug|Any CPU.Build.0 = Debug|Any CPU
		{CCC4363E-81E2-4058-94DD-00494E9E992A}.Debug|Mixed Platforms.ActiveCfg = Debug|Any CPU
		{CCC4363E-81E2-4058-94DD-00494E9E992A}.Debug|Mixed Platforms.Build.0 = Debug|Any CPU
		{CCC4363E-81E2-4058-94DD-00494E9E992A}.Debug|x86.ActiveCfg = Debug|Any CPU
		{CCC4363E-81E2-4058-94DD-00494E9E992A}.Debug|x86.Build.0 = Debug|Any CPU
		{CCC4363E-81E2-4058-94DD-00494E9E992A}.Release|Any CPU.ActiveCfg = Release|Any CPU
		{CCC4363E-81E2-4058-94DD-00494E9E992A}.Release|Any CPU.Build.0 = Release|Any CPU
		{CCC4363E-81E2-4058-94DD-00494E9E992A}.Release|Mixed Platforms.ActiveCfg = Release|Any CPU
		{CCC4363E-81E2-4058-94DD-00494E9E992A}.Release|Mixed Platforms.Build.0 = Release|Any CPU
		{CCC4363E-81E2-4058-94DD-00494E9E992A}.Release|x86.ActiveCfg = Release|Any CPU
		{CCC4363E-81E2-4058-94DD-00494E9E992A}.Release|x86.Build.0 = Release|Any CPU
		{32A4C918-30EE-41DB-8E26-8A3BB88ED231}.Debug|Any CPU.ActiveCfg = Debug|Any CPU
		{32A4C918-30EE-41DB-8E26-8A3BB88ED231}.Debug|Any CPU.Build.0 = Debug|Any CPU
		{32A4C918-30EE-41DB-8E26-8A3BB88ED231}.Debug|Mixed Platforms.ActiveCfg = Debug|Any CPU
		{32A4C918-30EE-41DB-8E26-8A3BB88ED231}.Debug|Mixed Platforms.Build.0 = Debug|Any CPU
		{32A4C918-30EE-41DB-8E26-8A3BB88ED231}.Debug|x86.ActiveCfg = Debug|Any CPU
		{32A4C918-30EE-41DB-8E26-8A3BB88ED231}.Debug|x86.Build.0 = Debug|Any CPU
		{32A4C918-30EE-41DB-8E26-8A3BB88ED231}.Release|Any CPU.ActiveCfg = Release|Any CPU
		{32A4C918-30EE-41DB-8E26-8A3BB88ED231}.Release|Any CPU.Build.0 = Release|Any CPU
		{32A4C918-30EE-41DB-8E26-8A3BB88ED231}.Release|Mixed Platforms.ActiveCfg = Release|Any CPU
		{32A4C918-30EE-41DB-8E26-8A3BB88ED231}.Release|Mixed Platforms.Build.0 = Release|Any CPU
		{32A4C918-30EE-41DB-8E26-8A3BB88ED231}.Release|x86.ActiveCfg = Release|Any CPU
		{32A4C918-30EE-41DB-8E26-8A3BB88ED231}.Release|x86.Build.0 = Release|Any CPU
		{A2FB7838-0031-4FAD-BA3E-83C30B3AF406}.Debug|Any CPU.ActiveCfg = Debug|Any CPU
		{A2FB7838-0031-4FAD-BA3E-83C30B3AF406}.Debug|Any CPU.Build.0 = Debug|Any CPU
		{A2FB7838-0031-4FAD-BA3E-83C30B3AF406}.Debug|Mixed Platforms.ActiveCfg = Debug|Any CPU
		{A2FB7838-0031-4FAD-BA3E-83C30B3AF406}.Debug|Mixed Platforms.Build.0 = Debug|Any CPU
		{A2FB7838-0031-4FAD-BA3E-83C30B3AF406}.Debug|x86.ActiveCfg = Debug|Any CPU
		{A2FB7838-0031-4FAD-BA3E-83C30B3AF406}.Debug|x86.Build.0 = Debug|Any CPU
		{A2FB7838-0031-4FAD-BA3E-83C30B3AF406}.Release|Any CPU.ActiveCfg = Release|Any CPU
		{A2FB7838-0031-4FAD-BA3E-83C30B3AF406}.Release|Any CPU.Build.0 = Release|Any CPU
		{A2FB7838-0031-4FAD-BA3E-83C30B3AF406}.Release|Mixed Platforms.ActiveCfg = Release|Any CPU
		{A2FB7838-0031-4FAD-BA3E-83C30B3AF406}.Release|Mixed Platforms.Build.0 = Release|Any CPU
		{A2FB7838-0031-4FAD-BA3E-83C30B3AF406}.Release|x86.ActiveCfg = Release|Any CPU
		{A2FB7838-0031-4FAD-BA3E-83C30B3AF406}.Release|x86.Build.0 = Release|Any CPU
		{60AA2FDB-8121-4826-8D00-9A143FEFAF66}.Debug|Any CPU.ActiveCfg = Debug|Any CPU
		{60AA2FDB-8121-4826-8D00-9A143FEFAF66}.Debug|Any CPU.Build.0 = Debug|Any CPU
		{60AA2FDB-8121-4826-8D00-9A143FEFAF66}.Debug|Mixed Platforms.ActiveCfg = Debug|Any CPU
		{60AA2FDB-8121-4826-8D00-9A143FEFAF66}.Debug|Mixed Platforms.Build.0 = Debug|Any CPU
		{60AA2FDB-8121-4826-8D00-9A143FEFAF66}.Debug|x86.ActiveCfg = Debug|Any CPU
		{60AA2FDB-8121-4826-8D00-9A143FEFAF66}.Debug|x86.Build.0 = Debug|Any CPU
		{60AA2FDB-8121-4826-8D00-9A143FEFAF66}.Release|Any CPU.ActiveCfg = Release|Any CPU
		{60AA2FDB-8121-4826-8D00-9A143FEFAF66}.Release|Any CPU.Build.0 = Release|Any CPU
		{60AA2FDB-8121-4826-8D00-9A143FEFAF66}.Release|Mixed Platforms.ActiveCfg = Release|Any CPU
		{60AA2FDB-8121-4826-8D00-9A143FEFAF66}.Release|Mixed Platforms.Build.0 = Release|Any CPU
		{60AA2FDB-8121-4826-8D00-9A143FEFAF66}.Release|x86.ActiveCfg = Release|Any CPU
		{60AA2FDB-8121-4826-8D00-9A143FEFAF66}.Release|x86.Build.0 = Release|Any CPU
		{079EFA1F-0B0A-4853-B27B-5780D111CD85}.Debug|Any CPU.ActiveCfg = Debug|Any CPU
		{079EFA1F-0B0A-4853-B27B-5780D111CD85}.Debug|Any CPU.Build.0 = Debug|Any CPU
		{079EFA1F-0B0A-4853-B27B-5780D111CD85}.Debug|Mixed Platforms.ActiveCfg = Debug|Any CPU
		{079EFA1F-0B0A-4853-B27B-5780D111CD85}.Debug|Mixed Platforms.Build.0 = Debug|Any CPU
		{079EFA1F-0B0A-4853-B27B-5780D111CD85}.Debug|x86.ActiveCfg = Debug|Any CPU
		{079EFA1F-0B0A-4853-B27B-5780D111CD85}.Debug|x86.Build.0 = Debug|Any CPU
		{079EFA1F-0B0A-4853-B27B-5780D111CD85}.Release|Any CPU.ActiveCfg = Release|Any CPU
		{079EFA1F-0B0A-4853-B27B-5780D111CD85}.Release|Any CPU.Build.0 = Release|Any CPU
		{079EFA1F-0B0A-4853-B27B-5780D111CD85}.Release|Mixed Platforms.ActiveCfg = Release|Any CPU
		{079EFA1F-0B0A-4853-B27B-5780D111CD85}.Release|Mixed Platforms.Build.0 = Release|Any CPU
		{079EFA1F-0B0A-4853-B27B-5780D111CD85}.Release|x86.ActiveCfg = Release|Any CPU
		{079EFA1F-0B0A-4853-B27B-5780D111CD85}.Release|x86.Build.0 = Release|Any CPU
		{B9F45F9D-D206-47F0-8E5F-54CE2F0BDF92}.Debug|Any CPU.ActiveCfg = Debug|Any CPU
		{B9F45F9D-D206-47F0-8E5F-54CE2F0BDF92}.Debug|Any CPU.Build.0 = Debug|Any CPU
		{B9F45F9D-D206-47F0-8E5F-54CE2F0BDF92}.Debug|Mixed Platforms.ActiveCfg = Debug|Any CPU
		{B9F45F9D-D206-47F0-8E5F-54CE2F0BDF92}.Debug|Mixed Platforms.Build.0 = Debug|Any CPU
		{B9F45F9D-D206-47F0-8E5F-54CE2F0BDF92}.Debug|x86.ActiveCfg = Debug|Any CPU
		{B9F45F9D-D206-47F0-8E5F-54CE2F0BDF92}.Debug|x86.Build.0 = Debug|Any CPU
		{B9F45F9D-D206-47F0-8E5F-54CE2F0BDF92}.Release|Any CPU.ActiveCfg = Release|Any CPU
		{B9F45F9D-D206-47F0-8E5F-54CE2F0BDF92}.Release|Any CPU.Build.0 = Release|Any CPU
		{B9F45F9D-D206-47F0-8E5F-54CE2F0BDF92}.Release|Mixed Platforms.ActiveCfg = Release|Any CPU
		{B9F45F9D-D206-47F0-8E5F-54CE2F0BDF92}.Release|Mixed Platforms.Build.0 = Release|Any CPU
		{B9F45F9D-D206-47F0-8E5F-54CE2F0BDF92}.Release|x86.ActiveCfg = Release|Any CPU
		{B9F45F9D-D206-47F0-8E5F-54CE2F0BDF92}.Release|x86.Build.0 = Release|Any CPU
		{3984651C-FD44-4394-8793-3D14EE348C04}.Debug|Any CPU.ActiveCfg = Debug|Any CPU
		{3984651C-FD44-4394-8793-3D14EE348C04}.Debug|Any CPU.Build.0 = Debug|Any CPU
		{3984651C-FD44-4394-8793-3D14EE348C04}.Debug|Mixed Platforms.ActiveCfg = Debug|Any CPU
		{3984651C-FD44-4394-8793-3D14EE348C04}.Debug|Mixed Platforms.Build.0 = Debug|Any CPU
		{3984651C-FD44-4394-8793-3D14EE348C04}.Debug|x86.ActiveCfg = Debug|Any CPU
		{3984651C-FD44-4394-8793-3D14EE348C04}.Debug|x86.Build.0 = Debug|Any CPU
		{3984651C-FD44-4394-8793-3D14EE348C04}.Release|Any CPU.ActiveCfg = Release|Any CPU
		{3984651C-FD44-4394-8793-3D14EE348C04}.Release|Any CPU.Build.0 = Release|Any CPU
		{3984651C-FD44-4394-8793-3D14EE348C04}.Release|Mixed Platforms.ActiveCfg = Release|Any CPU
		{3984651C-FD44-4394-8793-3D14EE348C04}.Release|Mixed Platforms.Build.0 = Release|Any CPU
		{3984651C-FD44-4394-8793-3D14EE348C04}.Release|x86.ActiveCfg = Release|Any CPU
		{3984651C-FD44-4394-8793-3D14EE348C04}.Release|x86.Build.0 = Release|Any CPU
		{89BF8535-A849-458E-868A-A68FCF620486}.Debug|Any CPU.ActiveCfg = Debug|Any CPU
		{89BF8535-A849-458E-868A-A68FCF620486}.Debug|Any CPU.Build.0 = Debug|Any CPU
		{89BF8535-A849-458E-868A-A68FCF620486}.Debug|Mixed Platforms.ActiveCfg = Debug|Any CPU
		{89BF8535-A849-458E-868A-A68FCF620486}.Debug|Mixed Platforms.Build.0 = Debug|Any CPU
		{89BF8535-A849-458E-868A-A68FCF620486}.Debug|x86.ActiveCfg = Debug|Any CPU
		{89BF8535-A849-458E-868A-A68FCF620486}.Debug|x86.Build.0 = Debug|Any CPU
		{89BF8535-A849-458E-868A-A68FCF620486}.Release|Any CPU.ActiveCfg = Release|Any CPU
		{89BF8535-A849-458E-868A-A68FCF620486}.Release|Any CPU.Build.0 = Release|Any CPU
		{89BF8535-A849-458E-868A-A68FCF620486}.Release|Mixed Platforms.ActiveCfg = Release|Any CPU
		{89BF8535-A849-458E-868A-A68FCF620486}.Release|Mixed Platforms.Build.0 = Release|Any CPU
		{89BF8535-A849-458E-868A-A68FCF620486}.Release|x86.ActiveCfg = Release|Any CPU
		{89BF8535-A849-458E-868A-A68FCF620486}.Release|x86.Build.0 = Release|Any CPU
		{C96B77EA-4078-4C31-BDB2-878F11C5E061}.Debug|Any CPU.ActiveCfg = Debug|Any CPU
		{C96B77EA-4078-4C31-BDB2-878F11C5E061}.Debug|Any CPU.Build.0 = Debug|Any CPU
		{C96B77EA-4078-4C31-BDB2-878F11C5E061}.Debug|Mixed Platforms.ActiveCfg = Debug|Any CPU
		{C96B77EA-4078-4C31-BDB2-878F11C5E061}.Debug|Mixed Platforms.Build.0 = Debug|Any CPU
		{C96B77EA-4078-4C31-BDB2-878F11C5E061}.Debug|x86.ActiveCfg = Debug|Any CPU
		{C96B77EA-4078-4C31-BDB2-878F11C5E061}.Debug|x86.Build.0 = Debug|Any CPU
		{C96B77EA-4078-4C31-BDB2-878F11C5E061}.Release|Any CPU.ActiveCfg = Release|Any CPU
		{C96B77EA-4078-4C31-BDB2-878F11C5E061}.Release|Any CPU.Build.0 = Release|Any CPU
		{C96B77EA-4078-4C31-BDB2-878F11C5E061}.Release|Mixed Platforms.ActiveCfg = Release|Any CPU
		{C96B77EA-4078-4C31-BDB2-878F11C5E061}.Release|Mixed Platforms.Build.0 = Release|Any CPU
		{C96B77EA-4078-4C31-BDB2-878F11C5E061}.Release|x86.ActiveCfg = Release|Any CPU
		{C96B77EA-4078-4C31-BDB2-878F11C5E061}.Release|x86.Build.0 = Release|Any CPU
		{F3DF6D0B-16FE-4402-B92C-7243A75CF1FD}.Debug|Any CPU.ActiveCfg = Debug|Any CPU
		{F3DF6D0B-16FE-4402-B92C-7243A75CF1FD}.Debug|Any CPU.Build.0 = Debug|Any CPU
		{F3DF6D0B-16FE-4402-B92C-7243A75CF1FD}.Debug|Mixed Platforms.ActiveCfg = Debug|Any CPU
		{F3DF6D0B-16FE-4402-B92C-7243A75CF1FD}.Debug|Mixed Platforms.Build.0 = Debug|Any CPU
		{F3DF6D0B-16FE-4402-B92C-7243A75CF1FD}.Debug|x86.ActiveCfg = Debug|Any CPU
		{F3DF6D0B-16FE-4402-B92C-7243A75CF1FD}.Debug|x86.Build.0 = Debug|Any CPU
		{F3DF6D0B-16FE-4402-B92C-7243A75CF1FD}.Release|Any CPU.ActiveCfg = Release|Any CPU
		{F3DF6D0B-16FE-4402-B92C-7243A75CF1FD}.Release|Any CPU.Build.0 = Release|Any CPU
		{F3DF6D0B-16FE-4402-B92C-7243A75CF1FD}.Release|Mixed Platforms.ActiveCfg = Release|Any CPU
		{F3DF6D0B-16FE-4402-B92C-7243A75CF1FD}.Release|Mixed Platforms.Build.0 = Release|Any CPU
		{F3DF6D0B-16FE-4402-B92C-7243A75CF1FD}.Release|x86.ActiveCfg = Release|Any CPU
		{F3DF6D0B-16FE-4402-B92C-7243A75CF1FD}.Release|x86.Build.0 = Release|Any CPU
		{314E9AD6-2FFC-4A92-A8AD-510658C64F1E}.Debug|Any CPU.ActiveCfg = Debug|Any CPU
		{314E9AD6-2FFC-4A92-A8AD-510658C64F1E}.Debug|Any CPU.Build.0 = Debug|Any CPU
		{314E9AD6-2FFC-4A92-A8AD-510658C64F1E}.Debug|Mixed Platforms.ActiveCfg = Debug|Any CPU
		{314E9AD6-2FFC-4A92-A8AD-510658C64F1E}.Debug|Mixed Platforms.Build.0 = Debug|Any CPU
		{314E9AD6-2FFC-4A92-A8AD-510658C64F1E}.Debug|x86.ActiveCfg = Debug|Any CPU
		{314E9AD6-2FFC-4A92-A8AD-510658C64F1E}.Debug|x86.Build.0 = Debug|Any CPU
		{314E9AD6-2FFC-4A92-A8AD-510658C64F1E}.Release|Any CPU.ActiveCfg = Release|Any CPU
		{314E9AD6-2FFC-4A92-A8AD-510658C64F1E}.Release|Any CPU.Build.0 = Release|Any CPU
		{314E9AD6-2FFC-4A92-A8AD-510658C64F1E}.Release|Mixed Platforms.ActiveCfg = Release|Any CPU
		{314E9AD6-2FFC-4A92-A8AD-510658C64F1E}.Release|Mixed Platforms.Build.0 = Release|Any CPU
		{314E9AD6-2FFC-4A92-A8AD-510658C64F1E}.Release|x86.ActiveCfg = Release|Any CPU
		{314E9AD6-2FFC-4A92-A8AD-510658C64F1E}.Release|x86.Build.0 = Release|Any CPU
		{3F5212AA-E287-49DD-8CEC-44BF0A2AC9A1}.Debug|Any CPU.ActiveCfg = Debug|Any CPU
		{3F5212AA-E287-49DD-8CEC-44BF0A2AC9A1}.Debug|Any CPU.Build.0 = Debug|Any CPU
		{3F5212AA-E287-49DD-8CEC-44BF0A2AC9A1}.Debug|Mixed Platforms.ActiveCfg = Debug|Any CPU
		{3F5212AA-E287-49DD-8CEC-44BF0A2AC9A1}.Debug|Mixed Platforms.Build.0 = Debug|Any CPU
		{3F5212AA-E287-49DD-8CEC-44BF0A2AC9A1}.Debug|x86.ActiveCfg = Debug|Any CPU
		{3F5212AA-E287-49DD-8CEC-44BF0A2AC9A1}.Debug|x86.Build.0 = Debug|Any CPU
		{3F5212AA-E287-49DD-8CEC-44BF0A2AC9A1}.Release|Any CPU.ActiveCfg = Release|Any CPU
		{3F5212AA-E287-49DD-8CEC-44BF0A2AC9A1}.Release|Any CPU.Build.0 = Release|Any CPU
		{3F5212AA-E287-49DD-8CEC-44BF0A2AC9A1}.Release|Mixed Platforms.ActiveCfg = Release|Any CPU
		{3F5212AA-E287-49DD-8CEC-44BF0A2AC9A1}.Release|Mixed Platforms.Build.0 = Release|Any CPU
		{3F5212AA-E287-49DD-8CEC-44BF0A2AC9A1}.Release|x86.ActiveCfg = Release|Any CPU
		{3F5212AA-E287-49DD-8CEC-44BF0A2AC9A1}.Release|x86.Build.0 = Release|Any CPU
		{4A636011-68EE-4CE5-836D-EA8E13CF71E4}.Debug|Any CPU.ActiveCfg = Debug|Any CPU
		{4A636011-68EE-4CE5-836D-EA8E13CF71E4}.Debug|Any CPU.Build.0 = Debug|Any CPU
		{4A636011-68EE-4CE5-836D-EA8E13CF71E4}.Debug|Mixed Platforms.ActiveCfg = Debug|Any CPU
		{4A636011-68EE-4CE5-836D-EA8E13CF71E4}.Debug|Mixed Platforms.Build.0 = Debug|Any CPU
		{4A636011-68EE-4CE5-836D-EA8E13CF71E4}.Debug|x86.ActiveCfg = Debug|Any CPU
		{4A636011-68EE-4CE5-836D-EA8E13CF71E4}.Debug|x86.Build.0 = Debug|Any CPU
		{4A636011-68EE-4CE5-836D-EA8E13CF71E4}.Release|Any CPU.ActiveCfg = Release|Any CPU
		{4A636011-68EE-4CE5-836D-EA8E13CF71E4}.Release|Any CPU.Build.0 = Release|Any CPU
		{4A636011-68EE-4CE5-836D-EA8E13CF71E4}.Release|Mixed Platforms.ActiveCfg = Release|Any CPU
		{4A636011-68EE-4CE5-836D-EA8E13CF71E4}.Release|Mixed Platforms.Build.0 = Release|Any CPU
		{4A636011-68EE-4CE5-836D-EA8E13CF71E4}.Release|x86.ActiveCfg = Release|Any CPU
		{4A636011-68EE-4CE5-836D-EA8E13CF71E4}.Release|x86.Build.0 = Release|Any CPU
		{C48DA9D7-ACB5-4408-AA79-27ECB60A67EF}.Debug|Any CPU.ActiveCfg = Debug|Any CPU
		{C48DA9D7-ACB5-4408-AA79-27ECB60A67EF}.Debug|Any CPU.Build.0 = Debug|Any CPU
		{C48DA9D7-ACB5-4408-AA79-27ECB60A67EF}.Debug|Mixed Platforms.ActiveCfg = Debug|Any CPU
		{C48DA9D7-ACB5-4408-AA79-27ECB60A67EF}.Debug|Mixed Platforms.Build.0 = Debug|Any CPU
		{C48DA9D7-ACB5-4408-AA79-27ECB60A67EF}.Debug|x86.ActiveCfg = Debug|Any CPU
		{C48DA9D7-ACB5-4408-AA79-27ECB60A67EF}.Debug|x86.Build.0 = Debug|Any CPU
		{C48DA9D7-ACB5-4408-AA79-27ECB60A67EF}.Release|Any CPU.ActiveCfg = Release|Any CPU
		{C48DA9D7-ACB5-4408-AA79-27ECB60A67EF}.Release|Any CPU.Build.0 = Release|Any CPU
		{C48DA9D7-ACB5-4408-AA79-27ECB60A67EF}.Release|Mixed Platforms.ActiveCfg = Release|Any CPU
		{C48DA9D7-ACB5-4408-AA79-27ECB60A67EF}.Release|Mixed Platforms.Build.0 = Release|Any CPU
		{C48DA9D7-ACB5-4408-AA79-27ECB60A67EF}.Release|x86.ActiveCfg = Release|Any CPU
		{C48DA9D7-ACB5-4408-AA79-27ECB60A67EF}.Release|x86.Build.0 = Release|Any CPU
		{520B3AA4-363A-497C-8C15-80423C5AFC85}.Debug|Any CPU.ActiveCfg = Debug|Any CPU
		{520B3AA4-363A-497C-8C15-80423C5AFC85}.Debug|Any CPU.Build.0 = Debug|Any CPU
		{520B3AA4-363A-497C-8C15-80423C5AFC85}.Debug|Mixed Platforms.ActiveCfg = Debug|Any CPU
		{520B3AA4-363A-497C-8C15-80423C5AFC85}.Debug|Mixed Platforms.Build.0 = Debug|Any CPU
		{520B3AA4-363A-497C-8C15-80423C5AFC85}.Debug|x86.ActiveCfg = Debug|Any CPU
		{520B3AA4-363A-497C-8C15-80423C5AFC85}.Debug|x86.Build.0 = Debug|Any CPU
		{520B3AA4-363A-497C-8C15-80423C5AFC85}.Release|Any CPU.ActiveCfg = Release|Any CPU
		{520B3AA4-363A-497C-8C15-80423C5AFC85}.Release|Any CPU.Build.0 = Release|Any CPU
		{520B3AA4-363A-497C-8C15-80423C5AFC85}.Release|Mixed Platforms.ActiveCfg = Release|Any CPU
		{520B3AA4-363A-497C-8C15-80423C5AFC85}.Release|Mixed Platforms.Build.0 = Release|Any CPU
		{520B3AA4-363A-497C-8C15-80423C5AFC85}.Release|x86.ActiveCfg = Release|Any CPU
		{520B3AA4-363A-497C-8C15-80423C5AFC85}.Release|x86.Build.0 = Release|Any CPU
		{4DA2D7C1-A7B6-4C01-B57D-89E6EA4609DE}.Debug|Any CPU.ActiveCfg = Debug|Any CPU
		{4DA2D7C1-A7B6-4C01-B57D-89E6EA4609DE}.Debug|Any CPU.Build.0 = Debug|Any CPU
		{4DA2D7C1-A7B6-4C01-B57D-89E6EA4609DE}.Debug|Mixed Platforms.ActiveCfg = Debug|Any CPU
		{4DA2D7C1-A7B6-4C01-B57D-89E6EA4609DE}.Debug|Mixed Platforms.Build.0 = Debug|Any CPU
		{4DA2D7C1-A7B6-4C01-B57D-89E6EA4609DE}.Debug|x86.ActiveCfg = Debug|Any CPU
		{4DA2D7C1-A7B6-4C01-B57D-89E6EA4609DE}.Debug|x86.Build.0 = Debug|Any CPU
		{4DA2D7C1-A7B6-4C01-B57D-89E6EA4609DE}.Release|Any CPU.ActiveCfg = Release|Any CPU
		{4DA2D7C1-A7B6-4C01-B57D-89E6EA4609DE}.Release|Any CPU.Build.0 = Release|Any CPU
		{4DA2D7C1-A7B6-4C01-B57D-89E6EA4609DE}.Release|Mixed Platforms.ActiveCfg = Release|Any CPU
		{4DA2D7C1-A7B6-4C01-B57D-89E6EA4609DE}.Release|Mixed Platforms.Build.0 = Release|Any CPU
		{4DA2D7C1-A7B6-4C01-B57D-89E6EA4609DE}.Release|x86.ActiveCfg = Release|Any CPU
		{4DA2D7C1-A7B6-4C01-B57D-89E6EA4609DE}.Release|x86.Build.0 = Release|Any CPU
		{E788AEAE-2CB4-4BFA-8746-D0BB7E93A1BB}.Debug|Any CPU.ActiveCfg = Debug|Any CPU
		{E788AEAE-2CB4-4BFA-8746-D0BB7E93A1BB}.Debug|Any CPU.Build.0 = Debug|Any CPU
		{E788AEAE-2CB4-4BFA-8746-D0BB7E93A1BB}.Debug|Mixed Platforms.ActiveCfg = Debug|Any CPU
		{E788AEAE-2CB4-4BFA-8746-D0BB7E93A1BB}.Debug|Mixed Platforms.Build.0 = Debug|Any CPU
		{E788AEAE-2CB4-4BFA-8746-D0BB7E93A1BB}.Debug|x86.ActiveCfg = Debug|Any CPU
		{E788AEAE-2CB4-4BFA-8746-D0BB7E93A1BB}.Debug|x86.Build.0 = Debug|Any CPU
		{E788AEAE-2CB4-4BFA-8746-D0BB7E93A1BB}.Release|Any CPU.ActiveCfg = Release|Any CPU
		{E788AEAE-2CB4-4BFA-8746-D0BB7E93A1BB}.Release|Any CPU.Build.0 = Release|Any CPU
		{E788AEAE-2CB4-4BFA-8746-D0BB7E93A1BB}.Release|Mixed Platforms.ActiveCfg = Release|Any CPU
		{E788AEAE-2CB4-4BFA-8746-D0BB7E93A1BB}.Release|Mixed Platforms.Build.0 = Release|Any CPU
		{E788AEAE-2CB4-4BFA-8746-D0BB7E93A1BB}.Release|x86.ActiveCfg = Release|Any CPU
		{E788AEAE-2CB4-4BFA-8746-D0BB7E93A1BB}.Release|x86.Build.0 = Release|Any CPU
		{FA915D3D-22C3-4478-97F2-A81D28B6C503}.Debug|Any CPU.ActiveCfg = Debug|Any CPU
		{FA915D3D-22C3-4478-97F2-A81D28B6C503}.Debug|Any CPU.Build.0 = Debug|Any CPU
		{FA915D3D-22C3-4478-97F2-A81D28B6C503}.Debug|Mixed Platforms.ActiveCfg = Debug|Any CPU
		{FA915D3D-22C3-4478-97F2-A81D28B6C503}.Debug|Mixed Platforms.Build.0 = Debug|Any CPU
		{FA915D3D-22C3-4478-97F2-A81D28B6C503}.Debug|x86.ActiveCfg = Debug|Any CPU
		{FA915D3D-22C3-4478-97F2-A81D28B6C503}.Debug|x86.Build.0 = Debug|Any CPU
		{FA915D3D-22C3-4478-97F2-A81D28B6C503}.Release|Any CPU.ActiveCfg = Release|Any CPU
		{FA915D3D-22C3-4478-97F2-A81D28B6C503}.Release|Any CPU.Build.0 = Release|Any CPU
		{FA915D3D-22C3-4478-97F2-A81D28B6C503}.Release|Mixed Platforms.ActiveCfg = Release|Any CPU
		{FA915D3D-22C3-4478-97F2-A81D28B6C503}.Release|Mixed Platforms.Build.0 = Release|Any CPU
		{FA915D3D-22C3-4478-97F2-A81D28B6C503}.Release|x86.ActiveCfg = Release|Any CPU
		{FA915D3D-22C3-4478-97F2-A81D28B6C503}.Release|x86.Build.0 = Release|Any CPU
	EndGlobalSection
	GlobalSection(SolutionProperties) = preSolution
		HideSolutionNode = FALSE
	EndGlobalSection
	GlobalSection(NestedProjects) = preSolution
		{1729302E-A58E-4652-B639-5B6B68DA2748} = {0F647068-6602-4E24-B1DC-8ED91481A50A}
		{2CF3927B-19E4-4866-9BAA-2C131580E7C3} = {52D59F18-62D2-4D17-8CF2-BE192445AF8E}
		{65161409-C4C4-4D63-A73B-231FCFF4D503} = {52D59F18-62D2-4D17-8CF2-BE192445AF8E}
		{E1BFA023-CFFD-49CE-8466-1C28DD2EC1F6} = {58D94A0E-C2B7-43A7-8826-99ECBB1E0A50}
		{37236EA3-915D-46D5-997C-DF513C500E4B} = {52D59F18-62D2-4D17-8CF2-BE192445AF8E}
		{EA7EB28F-53B8-4009-9C6B-74DB090CA8DD} = {52D59F18-62D2-4D17-8CF2-BE192445AF8E}
		{4490894C-3572-4E63-86F1-EE5105CE8A06} = {0F647068-6602-4E24-B1DC-8ED91481A50A}
	EndGlobalSection
EndGlobal
