
Microsoft Visual Studio Solution File, Format Version 12.00
# Visual Studio 15
VisualStudioVersion = 15.0.27130.2020
MinimumVisualStudioVersion = 15.0.26730.03
Project("{2150E333-8FDC-42A3-9474-1A3956D46DE8}") = "src", "src", "{0F647068-6602-4E24-B1DC-8ED91481A50A}"
	ProjectSection(SolutionItems) = preProject
		src\Directory.Build.props = src\Directory.Build.props
	EndProjectSection
EndProject
Project("{2150E333-8FDC-42A3-9474-1A3956D46DE8}") = "test", "test", "{52D59F18-62D2-4D17-8CF2-BE192445AF8E}"
	ProjectSection(SolutionItems) = preProject
		test\Directory.Build.props = test\Directory.Build.props
	EndProjectSection
EndProject
Project("{9A19103F-16F7-4668-BE54-9A1E7A4F7556}") = "Microsoft.AspNetCore.Identity", "src\Identity\Microsoft.AspNetCore.Identity.csproj", "{1729302E-A58E-4652-B639-5B6B68DA2748}"
EndProject
Project("{2150E333-8FDC-42A3-9474-1A3956D46DE8}") = "samples", "samples", "{58D94A0E-C2B7-43A7-8826-99ECBB1E0A50}"
EndProject
Project("{9A19103F-16F7-4668-BE54-9A1E7A4F7556}") = "Microsoft.AspNetCore.Identity.EntityFrameworkCore", "src\EF\Microsoft.AspNetCore.Identity.EntityFrameworkCore.csproj", "{4490894C-3572-4E63-86F1-EE5105CE8A06}"
EndProject
Project("{9A19103F-16F7-4668-BE54-9A1E7A4F7556}") = "Microsoft.AspNet.Identity.AspNetCoreCompat", "src\AspNetCoreCompat\Microsoft.AspNet.Identity.AspNetCoreCompat.csproj", "{6A74C6EA-B241-4D6B-BCE4-BF89EC1D2475}"
EndProject
Project("{9A19103F-16F7-4668-BE54-9A1E7A4F7556}") = "Microsoft.AspNetCore.Identity.Specification.Tests", "src\Specification.Tests\Microsoft.AspNetCore.Identity.Specification.Tests.csproj", "{5608E828-DD54-4E2A-B73C-FC22268BE797}"
EndProject
Project("{9A19103F-16F7-4668-BE54-9A1E7A4F7556}") = "Microsoft.Extensions.Identity.Core", "src\Core\Microsoft.Extensions.Identity.Core.csproj", "{D5905D78-A32E-44B8-8F21-EDAEDC95D9B8}"
EndProject
Project("{9A19103F-16F7-4668-BE54-9A1E7A4F7556}") = "Microsoft.Extensions.Identity.Stores", "src\Stores\Microsoft.Extensions.Identity.Stores.csproj", "{FADA11FC-DC06-4832-A569-7B2374A6CD42}"
EndProject
Project("{2150E333-8FDC-42A3-9474-1A3956D46DE8}") = "WebSites", "WebSites", "{1F83D453-E094-4D28-BCFA-9E537ABB5AD6}"
	ProjectSection(SolutionItems) = preProject
		test\WebSites\Directory.Build.props = test\WebSites\Directory.Build.props
	EndProjectSection
EndProject
Project("{2150E333-8FDC-42A3-9474-1A3956D46DE8}") = "Solution Items", "Solution Items", "{42F5B772-1D61-4C18-9457-412DE8E170A5}"
	ProjectSection(SolutionItems) = preProject
		Directory.Build.props = Directory.Build.props
		Directory.Build.targets = Directory.Build.targets
	EndProjectSection
EndProject
Project("{9A19103F-16F7-4668-BE54-9A1E7A4F7556}") = "Microsoft.AspNetCore.Identity.UI", "src\UI\Microsoft.AspNetCore.Identity.UI.csproj", "{894E102D-56D4-4B02-8F13-8781F4324C3E}"
EndProject
Project("{9A19103F-16F7-4668-BE54-9A1E7A4F7556}") = "Identity.DefaultUI.WebSite", "test\WebSites\Identity.DefaultUI.WebSite\Identity.DefaultUI.WebSite.csproj", "{85D61F5B-E96A-4E36-BB63-3EAF51CDDF57}"
EndProject
Project("{9A19103F-16F7-4668-BE54-9A1E7A4F7556}") = "Microsoft.AspNetCore.Identity.FunctionalTests", "test\Microsoft.AspNetCore.Identity.FunctionalTests\Microsoft.AspNetCore.Identity.FunctionalTests.csproj", "{6427C94E-8E1A-4B76-ABD7-68ADCE4FB334}"
EndProject
Global
	GlobalSection(SolutionConfigurationPlatforms) = preSolution
		Debug|Any CPU = Debug|Any CPU
		Debug|x64 = Debug|x64
		Debug|x86 = Debug|x86
		DebugNoWPF|Any CPU = DebugNoWPF|Any CPU
		DebugNoWPF|x64 = DebugNoWPF|x64
		DebugNoWPF|x86 = DebugNoWPF|x86
		Release|Any CPU = Release|Any CPU
		Release|x64 = Release|x64
		Release|x86 = Release|x86
		ReleaseNoWPF|Any CPU = ReleaseNoWPF|Any CPU
		ReleaseNoWPF|x64 = ReleaseNoWPF|x64
		ReleaseNoWPF|x86 = ReleaseNoWPF|x86
	EndGlobalSection
	GlobalSection(ProjectConfigurationPlatforms) = postSolution
		{1729302E-A58E-4652-B639-5B6B68DA2748}.Debug|Any CPU.ActiveCfg = Debug|Any CPU
		{1729302E-A58E-4652-B639-5B6B68DA2748}.Debug|Any CPU.Build.0 = Debug|Any CPU
		{1729302E-A58E-4652-B639-5B6B68DA2748}.Debug|x64.ActiveCfg = Debug|Any CPU
		{1729302E-A58E-4652-B639-5B6B68DA2748}.Debug|x64.Build.0 = Debug|Any CPU
		{1729302E-A58E-4652-B639-5B6B68DA2748}.Debug|x86.ActiveCfg = Debug|Any CPU
		{1729302E-A58E-4652-B639-5B6B68DA2748}.Debug|x86.Build.0 = Debug|Any CPU
		{1729302E-A58E-4652-B639-5B6B68DA2748}.DebugNoWPF|Any CPU.ActiveCfg = Debug|Any CPU
		{1729302E-A58E-4652-B639-5B6B68DA2748}.DebugNoWPF|Any CPU.Build.0 = Debug|Any CPU
		{1729302E-A58E-4652-B639-5B6B68DA2748}.DebugNoWPF|x64.ActiveCfg = Debug|Any CPU
		{1729302E-A58E-4652-B639-5B6B68DA2748}.DebugNoWPF|x64.Build.0 = Debug|Any CPU
		{1729302E-A58E-4652-B639-5B6B68DA2748}.DebugNoWPF|x86.ActiveCfg = Debug|Any CPU
		{1729302E-A58E-4652-B639-5B6B68DA2748}.DebugNoWPF|x86.Build.0 = Debug|Any CPU
		{1729302E-A58E-4652-B639-5B6B68DA2748}.Release|Any CPU.ActiveCfg = Release|Any CPU
		{1729302E-A58E-4652-B639-5B6B68DA2748}.Release|Any CPU.Build.0 = Release|Any CPU
		{1729302E-A58E-4652-B639-5B6B68DA2748}.Release|x64.ActiveCfg = Release|Any CPU
		{1729302E-A58E-4652-B639-5B6B68DA2748}.Release|x64.Build.0 = Release|Any CPU
		{1729302E-A58E-4652-B639-5B6B68DA2748}.Release|x86.ActiveCfg = Release|Any CPU
		{1729302E-A58E-4652-B639-5B6B68DA2748}.Release|x86.Build.0 = Release|Any CPU
		{1729302E-A58E-4652-B639-5B6B68DA2748}.ReleaseNoWPF|Any CPU.ActiveCfg = Release|Any CPU
		{1729302E-A58E-4652-B639-5B6B68DA2748}.ReleaseNoWPF|Any CPU.Build.0 = Release|Any CPU
		{1729302E-A58E-4652-B639-5B6B68DA2748}.ReleaseNoWPF|x64.ActiveCfg = Release|Any CPU
		{1729302E-A58E-4652-B639-5B6B68DA2748}.ReleaseNoWPF|x64.Build.0 = Release|Any CPU
		{1729302E-A58E-4652-B639-5B6B68DA2748}.ReleaseNoWPF|x86.ActiveCfg = Release|Any CPU
		{1729302E-A58E-4652-B639-5B6B68DA2748}.ReleaseNoWPF|x86.Build.0 = Release|Any CPU
		{4490894C-3572-4E63-86F1-EE5105CE8A06}.Debug|Any CPU.ActiveCfg = Debug|Any CPU
		{4490894C-3572-4E63-86F1-EE5105CE8A06}.Debug|Any CPU.Build.0 = Debug|Any CPU
		{4490894C-3572-4E63-86F1-EE5105CE8A06}.Debug|x64.ActiveCfg = Debug|Any CPU
		{4490894C-3572-4E63-86F1-EE5105CE8A06}.Debug|x64.Build.0 = Debug|Any CPU
		{4490894C-3572-4E63-86F1-EE5105CE8A06}.Debug|x86.ActiveCfg = Debug|Any CPU
		{4490894C-3572-4E63-86F1-EE5105CE8A06}.Debug|x86.Build.0 = Debug|Any CPU
		{4490894C-3572-4E63-86F1-EE5105CE8A06}.DebugNoWPF|Any CPU.ActiveCfg = Debug|Any CPU
		{4490894C-3572-4E63-86F1-EE5105CE8A06}.DebugNoWPF|Any CPU.Build.0 = Debug|Any CPU
		{4490894C-3572-4E63-86F1-EE5105CE8A06}.DebugNoWPF|x64.ActiveCfg = Debug|Any CPU
		{4490894C-3572-4E63-86F1-EE5105CE8A06}.DebugNoWPF|x64.Build.0 = Debug|Any CPU
		{4490894C-3572-4E63-86F1-EE5105CE8A06}.DebugNoWPF|x86.ActiveCfg = Debug|Any CPU
		{4490894C-3572-4E63-86F1-EE5105CE8A06}.DebugNoWPF|x86.Build.0 = Debug|Any CPU
		{4490894C-3572-4E63-86F1-EE5105CE8A06}.Release|Any CPU.ActiveCfg = Release|Any CPU
		{4490894C-3572-4E63-86F1-EE5105CE8A06}.Release|Any CPU.Build.0 = Release|Any CPU
		{4490894C-3572-4E63-86F1-EE5105CE8A06}.Release|x64.ActiveCfg = Release|Any CPU
		{4490894C-3572-4E63-86F1-EE5105CE8A06}.Release|x64.Build.0 = Release|Any CPU
		{4490894C-3572-4E63-86F1-EE5105CE8A06}.Release|x86.ActiveCfg = Release|Any CPU
		{4490894C-3572-4E63-86F1-EE5105CE8A06}.Release|x86.Build.0 = Release|Any CPU
		{4490894C-3572-4E63-86F1-EE5105CE8A06}.ReleaseNoWPF|Any CPU.ActiveCfg = Release|Any CPU
		{4490894C-3572-4E63-86F1-EE5105CE8A06}.ReleaseNoWPF|Any CPU.Build.0 = Release|Any CPU
		{4490894C-3572-4E63-86F1-EE5105CE8A06}.ReleaseNoWPF|x64.ActiveCfg = Release|Any CPU
		{4490894C-3572-4E63-86F1-EE5105CE8A06}.ReleaseNoWPF|x64.Build.0 = Release|Any CPU
		{4490894C-3572-4E63-86F1-EE5105CE8A06}.ReleaseNoWPF|x86.ActiveCfg = Release|Any CPU
		{4490894C-3572-4E63-86F1-EE5105CE8A06}.ReleaseNoWPF|x86.Build.0 = Release|Any CPU
		{6A74C6EA-B241-4D6B-BCE4-BF89EC1D2475}.Debug|Any CPU.ActiveCfg = Debug|Any CPU
		{6A74C6EA-B241-4D6B-BCE4-BF89EC1D2475}.Debug|Any CPU.Build.0 = Debug|Any CPU
		{6A74C6EA-B241-4D6B-BCE4-BF89EC1D2475}.Debug|x64.ActiveCfg = Debug|Any CPU
		{6A74C6EA-B241-4D6B-BCE4-BF89EC1D2475}.Debug|x64.Build.0 = Debug|Any CPU
		{6A74C6EA-B241-4D6B-BCE4-BF89EC1D2475}.Debug|x86.ActiveCfg = Debug|Any CPU
		{6A74C6EA-B241-4D6B-BCE4-BF89EC1D2475}.Debug|x86.Build.0 = Debug|Any CPU
		{6A74C6EA-B241-4D6B-BCE4-BF89EC1D2475}.DebugNoWPF|Any CPU.ActiveCfg = Debug|Any CPU
		{6A74C6EA-B241-4D6B-BCE4-BF89EC1D2475}.DebugNoWPF|Any CPU.Build.0 = Debug|Any CPU
		{6A74C6EA-B241-4D6B-BCE4-BF89EC1D2475}.DebugNoWPF|x64.ActiveCfg = Debug|Any CPU
		{6A74C6EA-B241-4D6B-BCE4-BF89EC1D2475}.DebugNoWPF|x64.Build.0 = Debug|Any CPU
		{6A74C6EA-B241-4D6B-BCE4-BF89EC1D2475}.DebugNoWPF|x86.ActiveCfg = Debug|Any CPU
		{6A74C6EA-B241-4D6B-BCE4-BF89EC1D2475}.DebugNoWPF|x86.Build.0 = Debug|Any CPU
		{6A74C6EA-B241-4D6B-BCE4-BF89EC1D2475}.Release|Any CPU.ActiveCfg = Release|Any CPU
		{6A74C6EA-B241-4D6B-BCE4-BF89EC1D2475}.Release|Any CPU.Build.0 = Release|Any CPU
		{6A74C6EA-B241-4D6B-BCE4-BF89EC1D2475}.Release|x64.ActiveCfg = Release|Any CPU
		{6A74C6EA-B241-4D6B-BCE4-BF89EC1D2475}.Release|x64.Build.0 = Release|Any CPU
		{6A74C6EA-B241-4D6B-BCE4-BF89EC1D2475}.Release|x86.ActiveCfg = Release|Any CPU
		{6A74C6EA-B241-4D6B-BCE4-BF89EC1D2475}.Release|x86.Build.0 = Release|Any CPU
		{6A74C6EA-B241-4D6B-BCE4-BF89EC1D2475}.ReleaseNoWPF|Any CPU.ActiveCfg = Release|Any CPU
		{6A74C6EA-B241-4D6B-BCE4-BF89EC1D2475}.ReleaseNoWPF|Any CPU.Build.0 = Release|Any CPU
		{6A74C6EA-B241-4D6B-BCE4-BF89EC1D2475}.ReleaseNoWPF|x64.ActiveCfg = Release|Any CPU
		{6A74C6EA-B241-4D6B-BCE4-BF89EC1D2475}.ReleaseNoWPF|x64.Build.0 = Release|Any CPU
		{6A74C6EA-B241-4D6B-BCE4-BF89EC1D2475}.ReleaseNoWPF|x86.ActiveCfg = Release|Any CPU
		{6A74C6EA-B241-4D6B-BCE4-BF89EC1D2475}.ReleaseNoWPF|x86.Build.0 = Release|Any CPU
		{5608E828-DD54-4E2A-B73C-FC22268BE797}.Debug|Any CPU.ActiveCfg = Debug|Any CPU
		{5608E828-DD54-4E2A-B73C-FC22268BE797}.Debug|Any CPU.Build.0 = Debug|Any CPU
		{5608E828-DD54-4E2A-B73C-FC22268BE797}.Debug|x64.ActiveCfg = Debug|Any CPU
		{5608E828-DD54-4E2A-B73C-FC22268BE797}.Debug|x64.Build.0 = Debug|Any CPU
		{5608E828-DD54-4E2A-B73C-FC22268BE797}.Debug|x86.ActiveCfg = Debug|Any CPU
		{5608E828-DD54-4E2A-B73C-FC22268BE797}.Debug|x86.Build.0 = Debug|Any CPU
		{5608E828-DD54-4E2A-B73C-FC22268BE797}.DebugNoWPF|Any CPU.ActiveCfg = Debug|Any CPU
		{5608E828-DD54-4E2A-B73C-FC22268BE797}.DebugNoWPF|Any CPU.Build.0 = Debug|Any CPU
		{5608E828-DD54-4E2A-B73C-FC22268BE797}.DebugNoWPF|x64.ActiveCfg = Debug|Any CPU
		{5608E828-DD54-4E2A-B73C-FC22268BE797}.DebugNoWPF|x64.Build.0 = Debug|Any CPU
		{5608E828-DD54-4E2A-B73C-FC22268BE797}.DebugNoWPF|x86.ActiveCfg = Debug|Any CPU
		{5608E828-DD54-4E2A-B73C-FC22268BE797}.DebugNoWPF|x86.Build.0 = Debug|Any CPU
		{5608E828-DD54-4E2A-B73C-FC22268BE797}.Release|Any CPU.ActiveCfg = Release|Any CPU
		{5608E828-DD54-4E2A-B73C-FC22268BE797}.Release|Any CPU.Build.0 = Release|Any CPU
		{5608E828-DD54-4E2A-B73C-FC22268BE797}.Release|x64.ActiveCfg = Release|Any CPU
		{5608E828-DD54-4E2A-B73C-FC22268BE797}.Release|x64.Build.0 = Release|Any CPU
		{5608E828-DD54-4E2A-B73C-FC22268BE797}.Release|x86.ActiveCfg = Release|Any CPU
		{5608E828-DD54-4E2A-B73C-FC22268BE797}.Release|x86.Build.0 = Release|Any CPU
		{5608E828-DD54-4E2A-B73C-FC22268BE797}.ReleaseNoWPF|Any CPU.ActiveCfg = Release|Any CPU
		{5608E828-DD54-4E2A-B73C-FC22268BE797}.ReleaseNoWPF|Any CPU.Build.0 = Release|Any CPU
		{5608E828-DD54-4E2A-B73C-FC22268BE797}.ReleaseNoWPF|x64.ActiveCfg = Release|Any CPU
		{5608E828-DD54-4E2A-B73C-FC22268BE797}.ReleaseNoWPF|x64.Build.0 = Release|Any CPU
		{5608E828-DD54-4E2A-B73C-FC22268BE797}.ReleaseNoWPF|x86.ActiveCfg = Release|Any CPU
		{5608E828-DD54-4E2A-B73C-FC22268BE797}.ReleaseNoWPF|x86.Build.0 = Release|Any CPU
		{D5905D78-A32E-44B8-8F21-EDAEDC95D9B8}.Debug|Any CPU.ActiveCfg = Debug|Any CPU
		{D5905D78-A32E-44B8-8F21-EDAEDC95D9B8}.Debug|Any CPU.Build.0 = Debug|Any CPU
		{D5905D78-A32E-44B8-8F21-EDAEDC95D9B8}.Debug|x64.ActiveCfg = Debug|Any CPU
		{D5905D78-A32E-44B8-8F21-EDAEDC95D9B8}.Debug|x64.Build.0 = Debug|Any CPU
		{D5905D78-A32E-44B8-8F21-EDAEDC95D9B8}.Debug|x86.ActiveCfg = Debug|Any CPU
		{D5905D78-A32E-44B8-8F21-EDAEDC95D9B8}.Debug|x86.Build.0 = Debug|Any CPU
		{D5905D78-A32E-44B8-8F21-EDAEDC95D9B8}.DebugNoWPF|Any CPU.ActiveCfg = Debug|Any CPU
		{D5905D78-A32E-44B8-8F21-EDAEDC95D9B8}.DebugNoWPF|Any CPU.Build.0 = Debug|Any CPU
		{D5905D78-A32E-44B8-8F21-EDAEDC95D9B8}.DebugNoWPF|x64.ActiveCfg = Debug|Any CPU
		{D5905D78-A32E-44B8-8F21-EDAEDC95D9B8}.DebugNoWPF|x64.Build.0 = Debug|Any CPU
		{D5905D78-A32E-44B8-8F21-EDAEDC95D9B8}.DebugNoWPF|x86.ActiveCfg = Debug|Any CPU
		{D5905D78-A32E-44B8-8F21-EDAEDC95D9B8}.DebugNoWPF|x86.Build.0 = Debug|Any CPU
		{D5905D78-A32E-44B8-8F21-EDAEDC95D9B8}.Release|Any CPU.ActiveCfg = Release|Any CPU
		{D5905D78-A32E-44B8-8F21-EDAEDC95D9B8}.Release|Any CPU.Build.0 = Release|Any CPU
		{D5905D78-A32E-44B8-8F21-EDAEDC95D9B8}.Release|x64.ActiveCfg = Release|Any CPU
		{D5905D78-A32E-44B8-8F21-EDAEDC95D9B8}.Release|x64.Build.0 = Release|Any CPU
		{D5905D78-A32E-44B8-8F21-EDAEDC95D9B8}.Release|x86.ActiveCfg = Release|Any CPU
		{D5905D78-A32E-44B8-8F21-EDAEDC95D9B8}.Release|x86.Build.0 = Release|Any CPU
		{D5905D78-A32E-44B8-8F21-EDAEDC95D9B8}.ReleaseNoWPF|Any CPU.ActiveCfg = Release|Any CPU
		{D5905D78-A32E-44B8-8F21-EDAEDC95D9B8}.ReleaseNoWPF|Any CPU.Build.0 = Release|Any CPU
		{D5905D78-A32E-44B8-8F21-EDAEDC95D9B8}.ReleaseNoWPF|x64.ActiveCfg = Release|Any CPU
		{D5905D78-A32E-44B8-8F21-EDAEDC95D9B8}.ReleaseNoWPF|x64.Build.0 = Release|Any CPU
		{D5905D78-A32E-44B8-8F21-EDAEDC95D9B8}.ReleaseNoWPF|x86.ActiveCfg = Release|Any CPU
		{D5905D78-A32E-44B8-8F21-EDAEDC95D9B8}.ReleaseNoWPF|x86.Build.0 = Release|Any CPU
		{FADA11FC-DC06-4832-A569-7B2374A6CD42}.Debug|Any CPU.ActiveCfg = Debug|Any CPU
		{FADA11FC-DC06-4832-A569-7B2374A6CD42}.Debug|Any CPU.Build.0 = Debug|Any CPU
		{FADA11FC-DC06-4832-A569-7B2374A6CD42}.Debug|x64.ActiveCfg = Debug|Any CPU
		{FADA11FC-DC06-4832-A569-7B2374A6CD42}.Debug|x64.Build.0 = Debug|Any CPU
		{FADA11FC-DC06-4832-A569-7B2374A6CD42}.Debug|x86.ActiveCfg = Debug|Any CPU
		{FADA11FC-DC06-4832-A569-7B2374A6CD42}.Debug|x86.Build.0 = Debug|Any CPU
		{FADA11FC-DC06-4832-A569-7B2374A6CD42}.DebugNoWPF|Any CPU.ActiveCfg = Debug|Any CPU
		{FADA11FC-DC06-4832-A569-7B2374A6CD42}.DebugNoWPF|Any CPU.Build.0 = Debug|Any CPU
		{FADA11FC-DC06-4832-A569-7B2374A6CD42}.DebugNoWPF|x64.ActiveCfg = Debug|Any CPU
		{FADA11FC-DC06-4832-A569-7B2374A6CD42}.DebugNoWPF|x64.Build.0 = Debug|Any CPU
		{FADA11FC-DC06-4832-A569-7B2374A6CD42}.DebugNoWPF|x86.ActiveCfg = Debug|Any CPU
		{FADA11FC-DC06-4832-A569-7B2374A6CD42}.DebugNoWPF|x86.Build.0 = Debug|Any CPU
		{FADA11FC-DC06-4832-A569-7B2374A6CD42}.Release|Any CPU.ActiveCfg = Release|Any CPU
		{FADA11FC-DC06-4832-A569-7B2374A6CD42}.Release|Any CPU.Build.0 = Release|Any CPU
		{FADA11FC-DC06-4832-A569-7B2374A6CD42}.Release|x64.ActiveCfg = Release|Any CPU
		{FADA11FC-DC06-4832-A569-7B2374A6CD42}.Release|x64.Build.0 = Release|Any CPU
		{FADA11FC-DC06-4832-A569-7B2374A6CD42}.Release|x86.ActiveCfg = Release|Any CPU
		{FADA11FC-DC06-4832-A569-7B2374A6CD42}.Release|x86.Build.0 = Release|Any CPU
		{FADA11FC-DC06-4832-A569-7B2374A6CD42}.ReleaseNoWPF|Any CPU.ActiveCfg = Release|Any CPU
		{FADA11FC-DC06-4832-A569-7B2374A6CD42}.ReleaseNoWPF|Any CPU.Build.0 = Release|Any CPU
		{FADA11FC-DC06-4832-A569-7B2374A6CD42}.ReleaseNoWPF|x64.ActiveCfg = Release|Any CPU
		{FADA11FC-DC06-4832-A569-7B2374A6CD42}.ReleaseNoWPF|x64.Build.0 = Release|Any CPU
		{FADA11FC-DC06-4832-A569-7B2374A6CD42}.ReleaseNoWPF|x86.ActiveCfg = Release|Any CPU
		{FADA11FC-DC06-4832-A569-7B2374A6CD42}.ReleaseNoWPF|x86.Build.0 = Release|Any CPU
		{894E102D-56D4-4B02-8F13-8781F4324C3E}.Debug|Any CPU.ActiveCfg = Debug|Any CPU
		{894E102D-56D4-4B02-8F13-8781F4324C3E}.Debug|Any CPU.Build.0 = Debug|Any CPU
		{894E102D-56D4-4B02-8F13-8781F4324C3E}.Debug|x64.ActiveCfg = Debug|Any CPU
		{894E102D-56D4-4B02-8F13-8781F4324C3E}.Debug|x64.Build.0 = Debug|Any CPU
		{894E102D-56D4-4B02-8F13-8781F4324C3E}.Debug|x86.ActiveCfg = Debug|Any CPU
		{894E102D-56D4-4B02-8F13-8781F4324C3E}.Debug|x86.Build.0 = Debug|Any CPU
		{894E102D-56D4-4B02-8F13-8781F4324C3E}.DebugNoWPF|Any CPU.ActiveCfg = Debug|Any CPU
		{894E102D-56D4-4B02-8F13-8781F4324C3E}.DebugNoWPF|Any CPU.Build.0 = Debug|Any CPU
		{894E102D-56D4-4B02-8F13-8781F4324C3E}.DebugNoWPF|x64.ActiveCfg = Debug|Any CPU
		{894E102D-56D4-4B02-8F13-8781F4324C3E}.DebugNoWPF|x64.Build.0 = Debug|Any CPU
		{894E102D-56D4-4B02-8F13-8781F4324C3E}.DebugNoWPF|x86.ActiveCfg = Debug|Any CPU
		{894E102D-56D4-4B02-8F13-8781F4324C3E}.DebugNoWPF|x86.Build.0 = Debug|Any CPU
		{894E102D-56D4-4B02-8F13-8781F4324C3E}.Release|Any CPU.ActiveCfg = Release|Any CPU
		{894E102D-56D4-4B02-8F13-8781F4324C3E}.Release|Any CPU.Build.0 = Release|Any CPU
		{894E102D-56D4-4B02-8F13-8781F4324C3E}.Release|x64.ActiveCfg = Release|Any CPU
		{894E102D-56D4-4B02-8F13-8781F4324C3E}.Release|x64.Build.0 = Release|Any CPU
		{894E102D-56D4-4B02-8F13-8781F4324C3E}.Release|x86.ActiveCfg = Release|Any CPU
		{894E102D-56D4-4B02-8F13-8781F4324C3E}.Release|x86.Build.0 = Release|Any CPU
		{894E102D-56D4-4B02-8F13-8781F4324C3E}.ReleaseNoWPF|Any CPU.ActiveCfg = Release|Any CPU
		{894E102D-56D4-4B02-8F13-8781F4324C3E}.ReleaseNoWPF|Any CPU.Build.0 = Release|Any CPU
		{894E102D-56D4-4B02-8F13-8781F4324C3E}.ReleaseNoWPF|x64.ActiveCfg = Release|Any CPU
		{894E102D-56D4-4B02-8F13-8781F4324C3E}.ReleaseNoWPF|x64.Build.0 = Release|Any CPU
		{894E102D-56D4-4B02-8F13-8781F4324C3E}.ReleaseNoWPF|x86.ActiveCfg = Release|Any CPU
		{894E102D-56D4-4B02-8F13-8781F4324C3E}.ReleaseNoWPF|x86.Build.0 = Release|Any CPU
		{85D61F5B-E96A-4E36-BB63-3EAF51CDDF57}.Debug|Any CPU.ActiveCfg = Debug|Any CPU
		{85D61F5B-E96A-4E36-BB63-3EAF51CDDF57}.Debug|Any CPU.Build.0 = Debug|Any CPU
		{85D61F5B-E96A-4E36-BB63-3EAF51CDDF57}.Debug|x64.ActiveCfg = Debug|Any CPU
		{85D61F5B-E96A-4E36-BB63-3EAF51CDDF57}.Debug|x64.Build.0 = Debug|Any CPU
		{85D61F5B-E96A-4E36-BB63-3EAF51CDDF57}.Debug|x86.ActiveCfg = Debug|Any CPU
		{85D61F5B-E96A-4E36-BB63-3EAF51CDDF57}.Debug|x86.Build.0 = Debug|Any CPU
		{85D61F5B-E96A-4E36-BB63-3EAF51CDDF57}.DebugNoWPF|Any CPU.ActiveCfg = Debug|Any CPU
		{85D61F5B-E96A-4E36-BB63-3EAF51CDDF57}.DebugNoWPF|Any CPU.Build.0 = Debug|Any CPU
		{85D61F5B-E96A-4E36-BB63-3EAF51CDDF57}.DebugNoWPF|x64.ActiveCfg = Debug|Any CPU
		{85D61F5B-E96A-4E36-BB63-3EAF51CDDF57}.DebugNoWPF|x64.Build.0 = Debug|Any CPU
		{85D61F5B-E96A-4E36-BB63-3EAF51CDDF57}.DebugNoWPF|x86.ActiveCfg = Debug|Any CPU
		{85D61F5B-E96A-4E36-BB63-3EAF51CDDF57}.DebugNoWPF|x86.Build.0 = Debug|Any CPU
		{85D61F5B-E96A-4E36-BB63-3EAF51CDDF57}.Release|Any CPU.ActiveCfg = Release|Any CPU
		{85D61F5B-E96A-4E36-BB63-3EAF51CDDF57}.Release|Any CPU.Build.0 = Release|Any CPU
		{85D61F5B-E96A-4E36-BB63-3EAF51CDDF57}.Release|x64.ActiveCfg = Release|Any CPU
		{85D61F5B-E96A-4E36-BB63-3EAF51CDDF57}.Release|x64.Build.0 = Release|Any CPU
		{85D61F5B-E96A-4E36-BB63-3EAF51CDDF57}.Release|x86.ActiveCfg = Release|Any CPU
		{85D61F5B-E96A-4E36-BB63-3EAF51CDDF57}.Release|x86.Build.0 = Release|Any CPU
		{85D61F5B-E96A-4E36-BB63-3EAF51CDDF57}.ReleaseNoWPF|Any CPU.ActiveCfg = Release|Any CPU
		{85D61F5B-E96A-4E36-BB63-3EAF51CDDF57}.ReleaseNoWPF|Any CPU.Build.0 = Release|Any CPU
		{85D61F5B-E96A-4E36-BB63-3EAF51CDDF57}.ReleaseNoWPF|x64.ActiveCfg = Release|Any CPU
		{85D61F5B-E96A-4E36-BB63-3EAF51CDDF57}.ReleaseNoWPF|x64.Build.0 = Release|Any CPU
		{85D61F5B-E96A-4E36-BB63-3EAF51CDDF57}.ReleaseNoWPF|x86.ActiveCfg = Release|Any CPU
		{85D61F5B-E96A-4E36-BB63-3EAF51CDDF57}.ReleaseNoWPF|x86.Build.0 = Release|Any CPU
		{6427C94E-8E1A-4B76-ABD7-68ADCE4FB334}.Debug|Any CPU.ActiveCfg = Debug|Any CPU
		{6427C94E-8E1A-4B76-ABD7-68ADCE4FB334}.Debug|Any CPU.Build.0 = Debug|Any CPU
		{6427C94E-8E1A-4B76-ABD7-68ADCE4FB334}.Debug|x64.ActiveCfg = Debug|Any CPU
		{6427C94E-8E1A-4B76-ABD7-68ADCE4FB334}.Debug|x64.Build.0 = Debug|Any CPU
		{6427C94E-8E1A-4B76-ABD7-68ADCE4FB334}.Debug|x86.ActiveCfg = Debug|Any CPU
		{6427C94E-8E1A-4B76-ABD7-68ADCE4FB334}.Debug|x86.Build.0 = Debug|Any CPU
		{6427C94E-8E1A-4B76-ABD7-68ADCE4FB334}.DebugNoWPF|Any CPU.ActiveCfg = Debug|Any CPU
		{6427C94E-8E1A-4B76-ABD7-68ADCE4FB334}.DebugNoWPF|Any CPU.Build.0 = Debug|Any CPU
		{6427C94E-8E1A-4B76-ABD7-68ADCE4FB334}.DebugNoWPF|x64.ActiveCfg = Debug|Any CPU
		{6427C94E-8E1A-4B76-ABD7-68ADCE4FB334}.DebugNoWPF|x64.Build.0 = Debug|Any CPU
		{6427C94E-8E1A-4B76-ABD7-68ADCE4FB334}.DebugNoWPF|x86.ActiveCfg = Debug|Any CPU
		{6427C94E-8E1A-4B76-ABD7-68ADCE4FB334}.DebugNoWPF|x86.Build.0 = Debug|Any CPU
		{6427C94E-8E1A-4B76-ABD7-68ADCE4FB334}.Release|Any CPU.ActiveCfg = Release|Any CPU
		{6427C94E-8E1A-4B76-ABD7-68ADCE4FB334}.Release|Any CPU.Build.0 = Release|Any CPU
		{6427C94E-8E1A-4B76-ABD7-68ADCE4FB334}.Release|x64.ActiveCfg = Release|Any CPU
		{6427C94E-8E1A-4B76-ABD7-68ADCE4FB334}.Release|x64.Build.0 = Release|Any CPU
		{6427C94E-8E1A-4B76-ABD7-68ADCE4FB334}.Release|x86.ActiveCfg = Release|Any CPU
		{6427C94E-8E1A-4B76-ABD7-68ADCE4FB334}.Release|x86.Build.0 = Release|Any CPU
		{6427C94E-8E1A-4B76-ABD7-68ADCE4FB334}.ReleaseNoWPF|Any CPU.ActiveCfg = Release|Any CPU
		{6427C94E-8E1A-4B76-ABD7-68ADCE4FB334}.ReleaseNoWPF|Any CPU.Build.0 = Release|Any CPU
		{6427C94E-8E1A-4B76-ABD7-68ADCE4FB334}.ReleaseNoWPF|x64.ActiveCfg = Release|Any CPU
		{6427C94E-8E1A-4B76-ABD7-68ADCE4FB334}.ReleaseNoWPF|x64.Build.0 = Release|Any CPU
		{6427C94E-8E1A-4B76-ABD7-68ADCE4FB334}.ReleaseNoWPF|x86.ActiveCfg = Release|Any CPU
		{6427C94E-8E1A-4B76-ABD7-68ADCE4FB334}.ReleaseNoWPF|x86.Build.0 = Release|Any CPU
	EndGlobalSection
	GlobalSection(SolutionProperties) = preSolution
		HideSolutionNode = FALSE
	EndGlobalSection
	GlobalSection(NestedProjects) = preSolution
		{1729302E-A58E-4652-B639-5B6B68DA2748} = {0F647068-6602-4E24-B1DC-8ED91481A50A}
		{4490894C-3572-4E63-86F1-EE5105CE8A06} = {0F647068-6602-4E24-B1DC-8ED91481A50A}
		{6A74C6EA-B241-4D6B-BCE4-BF89EC1D2475} = {0F647068-6602-4E24-B1DC-8ED91481A50A}
		{5608E828-DD54-4E2A-B73C-FC22268BE797} = {0F647068-6602-4E24-B1DC-8ED91481A50A}
		{D5905D78-A32E-44B8-8F21-EDAEDC95D9B8} = {0F647068-6602-4E24-B1DC-8ED91481A50A}
		{FADA11FC-DC06-4832-A569-7B2374A6CD42} = {0F647068-6602-4E24-B1DC-8ED91481A50A}
		{1F83D453-E094-4D28-BCFA-9E537ABB5AD6} = {52D59F18-62D2-4D17-8CF2-BE192445AF8E}
		{894E102D-56D4-4B02-8F13-8781F4324C3E} = {0F647068-6602-4E24-B1DC-8ED91481A50A}
		{85D61F5B-E96A-4E36-BB63-3EAF51CDDF57} = {1F83D453-E094-4D28-BCFA-9E537ABB5AD6}
		{6427C94E-8E1A-4B76-ABD7-68ADCE4FB334} = {52D59F18-62D2-4D17-8CF2-BE192445AF8E}
	EndGlobalSection
	GlobalSection(ExtensibilityGlobals) = postSolution
		SolutionGuid = {B3F2A592-CCE0-40C2-8CA4-7B1293DED874}
	EndGlobalSection
EndGlobal
